Microsoft Visual Studio Solution File, Format Version 12.00
# Visual Studio 15
VisualStudioVersion = 15.0.28010.2046
MinimumVisualStudioVersion = 10.0.40219.1
Project("{9A19103F-16F7-4668-BE54-9A1E7A4F7556}") = "Common.DataAccess.EFCore", "Common\Common.DataAccess.EFCore\Common.DataAccess.EFCore.csproj", "{78009FE8-42FA-4E92-AB1B-2292C8C4AA91}"
EndProject
Project("{9A19103F-16F7-4668-BE54-9A1E7A4F7556}") = "Common.Entities", "Common\Common.Entities\Common.Entities.csproj", "{2566610C-2555-4B50-9A61-FCB5AE61519D}"
EndProject
Project("{9A19103F-16F7-4668-BE54-9A1E7A4F7556}") = "Common.Services.Infrastructure", "Common\Common.Services.Infrastructure\Common.Services.Infrastructure.csproj", "{20CF03E8-E064-46FE-8ECE-AA30369E7787}"
EndProject
Project("{9A19103F-16F7-4668-BE54-9A1E7A4F7556}") = "Common.DTO", "Common\Common.DTO\Common.DTO.csproj", "{C2CE9594-0939-43BE-BBAF-AF7D9BA6A83B}"
EndProject
Project("{2150E333-8FDC-42A3-9474-1A3956D46DE8}") = "Common", "Common", "{3EDF9BD9-0CAC-48A1-B586-EBE8CF127A0A}"
EndProject
Project("{9A19103F-16F7-4668-BE54-9A1E7A4F7556}") = "Common.Services", "Common\Common.Services\Common.Services.csproj", "{F2DA70C1-48F6-43DD-9500-19EC0EB94B5F}"
EndProject
Project("{9A19103F-16F7-4668-BE54-9A1E7A4F7556}") = "Common.Utils", "Common\Common.Utils\Common.Utils.csproj", "{167418DC-0413-4DBA-B547-CF7E30433AD8}"
EndProject
Project("{9A19103F-16F7-4668-BE54-9A1E7A4F7556}") = "Common.IdentityManagementCore", "Common\Common.IdentityManagementCore\Common.IdentityManagementCore.csproj", "{89B72710-CDCD-4735-B0C1-7D8C451ADEC7}"
EndProject
Project("{9A19103F-16F7-4668-BE54-9A1E7A4F7556}") = "Common.DIContainerCore", "Common\Common.DIContainerCore\Common.DIContainerCore.csproj", "{FF49EFE4-23D2-4DD5-92A8-7D732B68F35C}"
EndProject
Project("{9A19103F-16F7-4668-BE54-9A1E7A4F7556}") = "Common.WebApiCore", "Common\Common.WebApiCore\Common.WebApiCore.csproj", "{ED586317-D4C3-4BFE-9659-723B879A92CE}"
EndProject
Project("{2150E333-8FDC-42A3-9474-1A3956D46DE8}") = "Services", "Services", "{23BE92CA-7D6C-47AA-AAAD-24F46336CB9E}"
EndProject
Project("{2150E333-8FDC-42A3-9474-1A3956D46DE8}") = "FileUpload", "FileUpload", "{77EBCC27-1002-4D5E-A913-652B23296E11}"
EndProject
Project("{9A19103F-16F7-4668-BE54-9A1E7A4F7556}") = "FileUploadService", "Services\FileUpload\FileUploadAPI\FileUploadService\FileUploadService.csproj", "{3FF1A77F-30C5-428A-9C68-D1A84526051C}"
EndProject
Project("{9A19103F-16F7-4668-BE54-9A1E7A4F7556}") = "Common", "Services\FileUpload\FileUploadAPI\Common\Common.csproj", "{A7056199-EF73-479B-A7D3-B720951B94F0}"
EndProject
Project("{2150E333-8FDC-42A3-9474-1A3956D46DE8}") = "Data", "Data", "{89A657CE-A2CB-4849-81EB-440F8D70ACA9}"
EndProject
Project("{9A19103F-16F7-4668-BE54-9A1E7A4F7556}") = "DataService", "Services\DataService\DataService.csproj", "{A5FD3E4D-7B71-4BA0-AE55-CEF5191D88EB}"
EndProject
Project("{2150E333-8FDC-42A3-9474-1A3956D46DE8}") = "DataContext", "DataContext", "{C7F2F67D-3C57-4AAA-9A3A-F653DEF458FE}"
EndProject
Project("{9A19103F-16F7-4668-BE54-9A1E7A4F7556}") = "DataAccess", "DataAccess\DataAccess.csproj", "{B5FC6018-E7D3-4847-8664-C17F3F41D219}"
EndProject
Project("{9A19103F-16F7-4668-BE54-9A1E7A4F7556}") = "DataShareService", "DataShare\DataShareService.csproj", "{5167ABF6-E9F2-44F4-B91C-2998B94987EB}"
EndProject
Project("{9A19103F-16F7-4668-BE54-9A1E7A4F7556}") = "GatewayApi", "GatewayApi\GatewayApi.csproj", "{E6BDD64B-E5CC-4CB1-8201-1E0F0BB9B290}"
EndProject
Project("{E53339B2-1760-4266-BCC7-CA923CBCF16C}") = "docker-compose", "docker-compose.dcproj", "{414A509C-2B18-4FE2-A3F2-F9A914202C4B}"
EndProject
Global
	GlobalSection(SolutionConfigurationPlatforms) = preSolution
		Debug|Any CPU = Debug|Any CPU
		Release|Any CPU = Release|Any CPU
	EndGlobalSection
	GlobalSection(ProjectConfigurationPlatforms) = postSolution
		{78009FE8-42FA-4E92-AB1B-2292C8C4AA91}.Debug|Any CPU.ActiveCfg = Debug|Any CPU
		{78009FE8-42FA-4E92-AB1B-2292C8C4AA91}.Debug|Any CPU.Build.0 = Debug|Any CPU
		{78009FE8-42FA-4E92-AB1B-2292C8C4AA91}.Release|Any CPU.ActiveCfg = Release|Any CPU
		{78009FE8-42FA-4E92-AB1B-2292C8C4AA91}.Release|Any CPU.Build.0 = Release|Any CPU
		{2566610C-2555-4B50-9A61-FCB5AE61519D}.Debug|Any CPU.ActiveCfg = Debug|Any CPU
		{2566610C-2555-4B50-9A61-FCB5AE61519D}.Debug|Any CPU.Build.0 = Debug|Any CPU
		{2566610C-2555-4B50-9A61-FCB5AE61519D}.Release|Any CPU.ActiveCfg = Release|Any CPU
		{2566610C-2555-4B50-9A61-FCB5AE61519D}.Release|Any CPU.Build.0 = Release|Any CPU
		{20CF03E8-E064-46FE-8ECE-AA30369E7787}.Debug|Any CPU.ActiveCfg = Debug|Any CPU
		{20CF03E8-E064-46FE-8ECE-AA30369E7787}.Debug|Any CPU.Build.0 = Debug|Any CPU
		{20CF03E8-E064-46FE-8ECE-AA30369E7787}.Release|Any CPU.ActiveCfg = Release|Any CPU
		{20CF03E8-E064-46FE-8ECE-AA30369E7787}.Release|Any CPU.Build.0 = Release|Any CPU
		{C2CE9594-0939-43BE-BBAF-AF7D9BA6A83B}.Debug|Any CPU.ActiveCfg = Debug|Any CPU
		{C2CE9594-0939-43BE-BBAF-AF7D9BA6A83B}.Debug|Any CPU.Build.0 = Debug|Any CPU
		{C2CE9594-0939-43BE-BBAF-AF7D9BA6A83B}.Release|Any CPU.ActiveCfg = Release|Any CPU
		{C2CE9594-0939-43BE-BBAF-AF7D9BA6A83B}.Release|Any CPU.Build.0 = Release|Any CPU
		{F2DA70C1-48F6-43DD-9500-19EC0EB94B5F}.Debug|Any CPU.ActiveCfg = Debug|Any CPU
		{F2DA70C1-48F6-43DD-9500-19EC0EB94B5F}.Debug|Any CPU.Build.0 = Debug|Any CPU
		{F2DA70C1-48F6-43DD-9500-19EC0EB94B5F}.Release|Any CPU.ActiveCfg = Release|Any CPU
		{F2DA70C1-48F6-43DD-9500-19EC0EB94B5F}.Release|Any CPU.Build.0 = Release|Any CPU
		{167418DC-0413-4DBA-B547-CF7E30433AD8}.Debug|Any CPU.ActiveCfg = Debug|Any CPU
		{167418DC-0413-4DBA-B547-CF7E30433AD8}.Debug|Any CPU.Build.0 = Debug|Any CPU
		{167418DC-0413-4DBA-B547-CF7E30433AD8}.Release|Any CPU.ActiveCfg = Release|Any CPU
		{167418DC-0413-4DBA-B547-CF7E30433AD8}.Release|Any CPU.Build.0 = Release|Any CPU
		{89B72710-CDCD-4735-B0C1-7D8C451ADEC7}.Debug|Any CPU.ActiveCfg = Debug|Any CPU
		{89B72710-CDCD-4735-B0C1-7D8C451ADEC7}.Debug|Any CPU.Build.0 = Debug|Any CPU
		{89B72710-CDCD-4735-B0C1-7D8C451ADEC7}.Release|Any CPU.ActiveCfg = Release|Any CPU
		{89B72710-CDCD-4735-B0C1-7D8C451ADEC7}.Release|Any CPU.Build.0 = Release|Any CPU
		{FF49EFE4-23D2-4DD5-92A8-7D732B68F35C}.Debug|Any CPU.ActiveCfg = Debug|Any CPU
		{FF49EFE4-23D2-4DD5-92A8-7D732B68F35C}.Debug|Any CPU.Build.0 = Debug|Any CPU
		{FF49EFE4-23D2-4DD5-92A8-7D732B68F35C}.Release|Any CPU.ActiveCfg = Release|Any CPU
		{FF49EFE4-23D2-4DD5-92A8-7D732B68F35C}.Release|Any CPU.Build.0 = Release|Any CPU
		{ED586317-D4C3-4BFE-9659-723B879A92CE}.Debug|Any CPU.ActiveCfg = Debug|Any CPU
		{ED586317-D4C3-4BFE-9659-723B879A92CE}.Debug|Any CPU.Build.0 = Debug|Any CPU
		{ED586317-D4C3-4BFE-9659-723B879A92CE}.Release|Any CPU.ActiveCfg = Release|Any CPU
		{ED586317-D4C3-4BFE-9659-723B879A92CE}.Release|Any CPU.Build.0 = Release|Any CPU
		{3FF1A77F-30C5-428A-9C68-D1A84526051C}.Debug|Any CPU.ActiveCfg = Debug|Any CPU
		{3FF1A77F-30C5-428A-9C68-D1A84526051C}.Debug|Any CPU.Build.0 = Debug|Any CPU
		{3FF1A77F-30C5-428A-9C68-D1A84526051C}.Release|Any CPU.ActiveCfg = Release|Any CPU
		{3FF1A77F-30C5-428A-9C68-D1A84526051C}.Release|Any CPU.Build.0 = Release|Any CPU
		{A7056199-EF73-479B-A7D3-B720951B94F0}.Debug|Any CPU.ActiveCfg = Debug|Any CPU
		{A7056199-EF73-479B-A7D3-B720951B94F0}.Debug|Any CPU.Build.0 = Debug|Any CPU
		{A7056199-EF73-479B-A7D3-B720951B94F0}.Release|Any CPU.ActiveCfg = Release|Any CPU
		{A7056199-EF73-479B-A7D3-B720951B94F0}.Release|Any CPU.Build.0 = Release|Any CPU
		{A5FD3E4D-7B71-4BA0-AE55-CEF5191D88EB}.Debug|Any CPU.ActiveCfg = Debug|Any CPU
		{A5FD3E4D-7B71-4BA0-AE55-CEF5191D88EB}.Debug|Any CPU.Build.0 = Debug|Any CPU
		{A5FD3E4D-7B71-4BA0-AE55-CEF5191D88EB}.Release|Any CPU.ActiveCfg = Release|Any CPU
		{A5FD3E4D-7B71-4BA0-AE55-CEF5191D88EB}.Release|Any CPU.Build.0 = Release|Any CPU
		{B5FC6018-E7D3-4847-8664-C17F3F41D219}.Debug|Any CPU.ActiveCfg = Debug|Any CPU
		{B5FC6018-E7D3-4847-8664-C17F3F41D219}.Debug|Any CPU.Build.0 = Debug|Any CPU
		{B5FC6018-E7D3-4847-8664-C17F3F41D219}.Release|Any CPU.ActiveCfg = Release|Any CPU
		{B5FC6018-E7D3-4847-8664-C17F3F41D219}.Release|Any CPU.Build.0 = Release|Any CPU
		{5167ABF6-E9F2-44F4-B91C-2998B94987EB}.Debug|Any CPU.ActiveCfg = Debug|Any CPU
		{5167ABF6-E9F2-44F4-B91C-2998B94987EB}.Debug|Any CPU.Build.0 = Debug|Any CPU
		{5167ABF6-E9F2-44F4-B91C-2998B94987EB}.Release|Any CPU.ActiveCfg = Release|Any CPU
		{5167ABF6-E9F2-44F4-B91C-2998B94987EB}.Release|Any CPU.Build.0 = Release|Any CPU
		{E6BDD64B-E5CC-4CB1-8201-1E0F0BB9B290}.Debug|Any CPU.ActiveCfg = Debug|Any CPU
		{E6BDD64B-E5CC-4CB1-8201-1E0F0BB9B290}.Debug|Any CPU.Build.0 = Debug|Any CPU
		{E6BDD64B-E5CC-4CB1-8201-1E0F0BB9B290}.Release|Any CPU.ActiveCfg = Release|Any CPU
		{E6BDD64B-E5CC-4CB1-8201-1E0F0BB9B290}.Release|Any CPU.Build.0 = Release|Any CPU
		{414A509C-2B18-4FE2-A3F2-F9A914202C4B}.Debug|Any CPU.ActiveCfg = Debug|Any CPU
		{414A509C-2B18-4FE2-A3F2-F9A914202C4B}.Debug|Any CPU.Build.0 = Debug|Any CPU
		{414A509C-2B18-4FE2-A3F2-F9A914202C4B}.Release|Any CPU.ActiveCfg = Release|Any CPU
		{414A509C-2B18-4FE2-A3F2-F9A914202C4B}.Release|Any CPU.Build.0 = Release|Any CPU
	EndGlobalSection
	GlobalSection(SolutionProperties) = preSolution
		HideSolutionNode = FALSE
	EndGlobalSection
	GlobalSection(NestedProjects) = preSolution
		{78009FE8-42FA-4E92-AB1B-2292C8C4AA91} = {3EDF9BD9-0CAC-48A1-B586-EBE8CF127A0A}
		{2566610C-2555-4B50-9A61-FCB5AE61519D} = {3EDF9BD9-0CAC-48A1-B586-EBE8CF127A0A}
		{20CF03E8-E064-46FE-8ECE-AA30369E7787} = {3EDF9BD9-0CAC-48A1-B586-EBE8CF127A0A}
		{C2CE9594-0939-43BE-BBAF-AF7D9BA6A83B} = {3EDF9BD9-0CAC-48A1-B586-EBE8CF127A0A}
		{F2DA70C1-48F6-43DD-9500-19EC0EB94B5F} = {3EDF9BD9-0CAC-48A1-B586-EBE8CF127A0A}
		{167418DC-0413-4DBA-B547-CF7E30433AD8} = {3EDF9BD9-0CAC-48A1-B586-EBE8CF127A0A}
		{89B72710-CDCD-4735-B0C1-7D8C451ADEC7} = {3EDF9BD9-0CAC-48A1-B586-EBE8CF127A0A}
		{FF49EFE4-23D2-4DD5-92A8-7D732B68F35C} = {3EDF9BD9-0CAC-48A1-B586-EBE8CF127A0A}
		{ED586317-D4C3-4BFE-9659-723B879A92CE} = {3EDF9BD9-0CAC-48A1-B586-EBE8CF127A0A}
		{77EBCC27-1002-4D5E-A913-652B23296E11} = {23BE92CA-7D6C-47AA-AAAD-24F46336CB9E}
		{3FF1A77F-30C5-428A-9C68-D1A84526051C} = {77EBCC27-1002-4D5E-A913-652B23296E11}
		{A7056199-EF73-479B-A7D3-B720951B94F0} = {77EBCC27-1002-4D5E-A913-652B23296E11}
		{89A657CE-A2CB-4849-81EB-440F8D70ACA9} = {23BE92CA-7D6C-47AA-AAAD-24F46336CB9E}
		{A5FD3E4D-7B71-4BA0-AE55-CEF5191D88EB} = {89A657CE-A2CB-4849-81EB-440F8D70ACA9}
		{B5FC6018-E7D3-4847-8664-C17F3F41D219} = {89A657CE-A2CB-4849-81EB-440F8D70ACA9}
		{5167ABF6-E9F2-44F4-B91C-2998B94987EB} = {23BE92CA-7D6C-47AA-AAAD-24F46336CB9E}
	EndGlobalSection
	GlobalSection(ExtensibilityGlobals) = postSolution
		SolutionGuid = {328B8E10-FED4-47C9-86C2-27E2B708C6E0}
	EndGlobalSection
EndGlobal

